
Microsoft Visual Studio Solution File, Format Version 12.00
# Visual Studio 15
VisualStudioVersion = 15.0.27004.2009
MinimumVisualStudioVersion = 10.0.40219.1
Project("{FAE04EC0-301F-11D3-BF4B-00C04F79EFBC}") = "CloudSwyft.Web.Api", "CloudSwyft.Web.Api\CloudSwyft.Web.Api.csproj", "{DDE24CA9-213D-4CC4-B6CC-A6C727F8C427}"
EndProject
Global
	GlobalSection(SolutionConfigurationPlatforms) = preSolution
		ASS|Any CPU = ASS|Any CPU
		BHA|Any CPU = BHA|Any CPU
		BHD|Any CPU = BHD|Any CPU
		Debug|Any CPU = Debug|Any CPU
		DEVAUTH|Any CPU = DEVAUTH|Any CPU
		DEVUSER|Any CPU = DEVUSER|Any CPU
		DMO|Any CPU = DMO|Any CPU
		JRU|Any CPU = JRU|Any CPU
		LKA|Any CPU = LKA|Any CPU
		LKJ|Any CPU = LKJ|Any CPU
		MAP|Any CPU = MAP|Any CPU
		MFA|Any CPU = MFA|Any CPU
		MJA|Any CPU = MJA|Any CPU
		MPA|Any CPU = MPA|Any CPU
		MSA|Any CPU = MSA|Any CPU
		MSF|Any CPU = MSF|Any CPU
		MTJ|Any CPU = MTJ|Any CPU
		OPS|Any CPU = OPS|Any CPU
		P4A|Any CPU = P4A|Any CPU
		P4U|Any CPU = P4U|Any CPU
		PNX|Any CPU = PNX|Any CPU
		PRODAUTH|Any CPU = PRODAUTH|Any CPU
		PRODUSER|Any CPU = PRODUSER|Any CPU
		PTA|Any CPU = PTA|Any CPU
		PTW|Any CPU = PTW|Any CPU
		QA1|Any CPU = QA1|Any CPU
		QA3|Any CPU = QA3|Any CPU
		QAAUTH|Any CPU = QAAUTH|Any CPU
		QAUSER|Any CPU = QAUSER|Any CPU
		QT1|Any CPU = QT1|Any CPU
		QT2|Any CPU = QT2|Any CPU
		QT3|Any CPU = QT3|Any CPU
		Release|Any CPU = Release|Any CPU
		ReleaseWeb1|Any CPU = ReleaseWeb1|Any CPU
		STP|Any CPU = STP|Any CPU
		TDA|Any CPU = TDA|Any CPU
		TDV|Any CPU = TDV|Any CPU
		TRN|Any CPU = TRN|Any CPU
		UATAUTH|Any CPU = UATAUTH|Any CPU
		UATUSER|Any CPU = UATUSER|Any CPU
		VYA|Any CPU = VYA|Any CPU
		VYG|Any CPU = VYG|Any CPU
		WFG|Any CPU = WFG|Any CPU
		YDA|Any CPU = YDA|Any CPU
		YND|Any CPU = YND|Any CPU
	EndGlobalSection
	GlobalSection(ProjectConfigurationPlatforms) = postSolution
		{DDE24CA9-213D-4CC4-B6CC-A6C727F8C427}.ASS|Any CPU.ActiveCfg = ASS|Any CPU
		{DDE24CA9-213D-4CC4-B6CC-A6C727F8C427}.ASS|Any CPU.Build.0 = ASS|Any CPU
		{DDE24CA9-213D-4CC4-B6CC-A6C727F8C427}.BHA|Any CPU.ActiveCfg = BHA|Any CPU
		{DDE24CA9-213D-4CC4-B6CC-A6C727F8C427}.BHA|Any CPU.Build.0 = BHA|Any CPU
		{DDE24CA9-213D-4CC4-B6CC-A6C727F8C427}.BHD|Any CPU.ActiveCfg = BHD|Any CPU
		{DDE24CA9-213D-4CC4-B6CC-A6C727F8C427}.BHD|Any CPU.Build.0 = BHD|Any CPU
		{DDE24CA9-213D-4CC4-B6CC-A6C727F8C427}.Debug|Any CPU.ActiveCfg = Debug|Any CPU
		{DDE24CA9-213D-4CC4-B6CC-A6C727F8C427}.Debug|Any CPU.Build.0 = Debug|Any CPU
		{DDE24CA9-213D-4CC4-B6CC-A6C727F8C427}.DEVAUTH|Any CPU.ActiveCfg = DEVAUTH|Any CPU
		{DDE24CA9-213D-4CC4-B6CC-A6C727F8C427}.DEVAUTH|Any CPU.Build.0 = DEVAUTH|Any CPU
		{DDE24CA9-213D-4CC4-B6CC-A6C727F8C427}.DEVUSER|Any CPU.ActiveCfg = DEVUSER|Any CPU
		{DDE24CA9-213D-4CC4-B6CC-A6C727F8C427}.DEVUSER|Any CPU.Build.0 = DEVUSER|Any CPU
		{DDE24CA9-213D-4CC4-B6CC-A6C727F8C427}.DMO|Any CPU.ActiveCfg = DMO|Any CPU
		{DDE24CA9-213D-4CC4-B6CC-A6C727F8C427}.DMO|Any CPU.Build.0 = DMO|Any CPU
		{DDE24CA9-213D-4CC4-B6CC-A6C727F8C427}.JRU|Any CPU.ActiveCfg = JRU|Any CPU
		{DDE24CA9-213D-4CC4-B6CC-A6C727F8C427}.JRU|Any CPU.Build.0 = JRU|Any CPU
		{DDE24CA9-213D-4CC4-B6CC-A6C727F8C427}.LKA|Any CPU.ActiveCfg = LKA|Any CPU
		{DDE24CA9-213D-4CC4-B6CC-A6C727F8C427}.LKA|Any CPU.Build.0 = LKA|Any CPU
		{DDE24CA9-213D-4CC4-B6CC-A6C727F8C427}.LKJ|Any CPU.ActiveCfg = LKJ|Any CPU
		{DDE24CA9-213D-4CC4-B6CC-A6C727F8C427}.LKJ|Any CPU.Build.0 = LKJ|Any CPU
		{DDE24CA9-213D-4CC4-B6CC-A6C727F8C427}.MAP|Any CPU.ActiveCfg = MAP|Any CPU
		{DDE24CA9-213D-4CC4-B6CC-A6C727F8C427}.MAP|Any CPU.Build.0 = MAP|Any CPU
		{DDE24CA9-213D-4CC4-B6CC-A6C727F8C427}.MFA|Any CPU.ActiveCfg = MFA|Any CPU
		{DDE24CA9-213D-4CC4-B6CC-A6C727F8C427}.MFA|Any CPU.Build.0 = MFA|Any CPU
		{DDE24CA9-213D-4CC4-B6CC-A6C727F8C427}.MJA|Any CPU.ActiveCfg = MJA|Any CPU
		{DDE24CA9-213D-4CC4-B6CC-A6C727F8C427}.MJA|Any CPU.Build.0 = MJA|Any CPU
		{DDE24CA9-213D-4CC4-B6CC-A6C727F8C427}.MPA|Any CPU.ActiveCfg = MPA|Any CPU
		{DDE24CA9-213D-4CC4-B6CC-A6C727F8C427}.MPA|Any CPU.Build.0 = MPA|Any CPU
		{DDE24CA9-213D-4CC4-B6CC-A6C727F8C427}.MSA|Any CPU.ActiveCfg = MSA|Any CPU
		{DDE24CA9-213D-4CC4-B6CC-A6C727F8C427}.MSA|Any CPU.Build.0 = MSA|Any CPU
		{DDE24CA9-213D-4CC4-B6CC-A6C727F8C427}.MSF|Any CPU.ActiveCfg = MSF|Any CPU
		{DDE24CA9-213D-4CC4-B6CC-A6C727F8C427}.MSF|Any CPU.Build.0 = MSF|Any CPU
		{DDE24CA9-213D-4CC4-B6CC-A6C727F8C427}.MTJ|Any CPU.ActiveCfg = MTJ|Any CPU
		{DDE24CA9-213D-4CC4-B6CC-A6C727F8C427}.MTJ|Any CPU.Build.0 = MTJ|Any CPU
		{DDE24CA9-213D-4CC4-B6CC-A6C727F8C427}.OPS|Any CPU.ActiveCfg = OPS|Any CPU
		{DDE24CA9-213D-4CC4-B6CC-A6C727F8C427}.OPS|Any CPU.Build.0 = OPS|Any CPU
		{DDE24CA9-213D-4CC4-B6CC-A6C727F8C427}.P4A|Any CPU.ActiveCfg = P4A|Any CPU
		{DDE24CA9-213D-4CC4-B6CC-A6C727F8C427}.P4A|Any CPU.Build.0 = P4A|Any CPU
		{DDE24CA9-213D-4CC4-B6CC-A6C727F8C427}.P4U|Any CPU.ActiveCfg = P4U|Any CPU
		{DDE24CA9-213D-4CC4-B6CC-A6C727F8C427}.P4U|Any CPU.Build.0 = P4U|Any CPU
		{DDE24CA9-213D-4CC4-B6CC-A6C727F8C427}.PNX|Any CPU.ActiveCfg = PNX|Any CPU
		{DDE24CA9-213D-4CC4-B6CC-A6C727F8C427}.PNX|Any CPU.Build.0 = PNX|Any CPU
		{DDE24CA9-213D-4CC4-B6CC-A6C727F8C427}.PRODAUTH|Any CPU.ActiveCfg = PRODAUTH|Any CPU
		{DDE24CA9-213D-4CC4-B6CC-A6C727F8C427}.PRODAUTH|Any CPU.Build.0 = PRODAUTH|Any CPU
		{DDE24CA9-213D-4CC4-B6CC-A6C727F8C427}.PRODUSER|Any CPU.ActiveCfg = PRODUSER|Any CPU
		{DDE24CA9-213D-4CC4-B6CC-A6C727F8C427}.PRODUSER|Any CPU.Build.0 = PRODUSER|Any CPU
		{DDE24CA9-213D-4CC4-B6CC-A6C727F8C427}.PTA|Any CPU.ActiveCfg = PTA|Any CPU
		{DDE24CA9-213D-4CC4-B6CC-A6C727F8C427}.PTA|Any CPU.Build.0 = PTA|Any CPU
		{DDE24CA9-213D-4CC4-B6CC-A6C727F8C427}.PTW|Any CPU.ActiveCfg = PTW|Any CPU
		{DDE24CA9-213D-4CC4-B6CC-A6C727F8C427}.PTW|Any CPU.Build.0 = PTW|Any CPU
		{DDE24CA9-213D-4CC4-B6CC-A6C727F8C427}.QA1|Any CPU.ActiveCfg = QA2|Any CPU
		{DDE24CA9-213D-4CC4-B6CC-A6C727F8C427}.QA1|Any CPU.Build.0 = QA2|Any CPU
		{DDE24CA9-213D-4CC4-B6CC-A6C727F8C427}.QA3|Any CPU.ActiveCfg = QA3|Any CPU
		{DDE24CA9-213D-4CC4-B6CC-A6C727F8C427}.QA3|Any CPU.Build.0 = QA3|Any CPU
		{DDE24CA9-213D-4CC4-B6CC-A6C727F8C427}.QAAUTH|Any CPU.ActiveCfg = QAAUTH|Any CPU
		{DDE24CA9-213D-4CC4-B6CC-A6C727F8C427}.QAAUTH|Any CPU.Build.0 = QAAUTH|Any CPU
		{DDE24CA9-213D-4CC4-B6CC-A6C727F8C427}.QAUSER|Any CPU.ActiveCfg = QAUSER|Any CPU
		{DDE24CA9-213D-4CC4-B6CC-A6C727F8C427}.QAUSER|Any CPU.Build.0 = QAUSER|Any CPU
		{DDE24CA9-213D-4CC4-B6CC-A6C727F8C427}.QT1|Any CPU.ActiveCfg = QT1|Any CPU
		{DDE24CA9-213D-4CC4-B6CC-A6C727F8C427}.QT1|Any CPU.Build.0 = QT1|Any CPU
		{DDE24CA9-213D-4CC4-B6CC-A6C727F8C427}.QT2|Any CPU.ActiveCfg = QT2|Any CPU
		{DDE24CA9-213D-4CC4-B6CC-A6C727F8C427}.QT2|Any CPU.Build.0 = QT2|Any CPU
		{DDE24CA9-213D-4CC4-B6CC-A6C727F8C427}.QT3|Any CPU.ActiveCfg = QT3|Any CPU
		{DDE24CA9-213D-4CC4-B6CC-A6C727F8C427}.QT3|Any CPU.Build.0 = QT3|Any CPU
		{DDE24CA9-213D-4CC4-B6CC-A6C727F8C427}.Release|Any CPU.ActiveCfg = Release|Any CPU
		{DDE24CA9-213D-4CC4-B6CC-A6C727F8C427}.Release|Any CPU.Build.0 = Release|Any CPU
		{DDE24CA9-213D-4CC4-B6CC-A6C727F8C427}.ReleaseWeb1|Any CPU.ActiveCfg = Release|Any CPU
		{DDE24CA9-213D-4CC4-B6CC-A6C727F8C427}.ReleaseWeb1|Any CPU.Build.0 = Release|Any CPU
		{DDE24CA9-213D-4CC4-B6CC-A6C727F8C427}.STP|Any CPU.ActiveCfg = STP|Any CPU
		{DDE24CA9-213D-4CC4-B6CC-A6C727F8C427}.STP|Any CPU.Build.0 = STP|Any CPU
		{DDE24CA9-213D-4CC4-B6CC-A6C727F8C427}.TDA|Any CPU.ActiveCfg = TDA|Any CPU
		{DDE24CA9-213D-4CC4-B6CC-A6C727F8C427}.TDA|Any CPU.Build.0 = TDA|Any CPU
		{DDE24CA9-213D-4CC4-B6CC-A6C727F8C427}.TDV|Any CPU.ActiveCfg = TDV|Any CPU
		{DDE24CA9-213D-4CC4-B6CC-A6C727F8C427}.TDV|Any CPU.Build.0 = TDV|Any CPU
		{DDE24CA9-213D-4CC4-B6CC-A6C727F8C427}.TRN|Any CPU.ActiveCfg = TRN|Any CPU
		{DDE24CA9-213D-4CC4-B6CC-A6C727F8C427}.TRN|Any CPU.Build.0 = TRN|Any CPU
		{DDE24CA9-213D-4CC4-B6CC-A6C727F8C427}.UATAUTH|Any CPU.ActiveCfg = UATAUTH|Any CPU
		{DDE24CA9-213D-4CC4-B6CC-A6C727F8C427}.UATAUTH|Any CPU.Build.0 = UATAUTH|Any CPU
		{DDE24CA9-213D-4CC4-B6CC-A6C727F8C427}.UATUSER|Any CPU.ActiveCfg = UATUSER|Any CPU
		{DDE24CA9-213D-4CC4-B6CC-A6C727F8C427}.UATUSER|Any CPU.Build.0 = UATUSER|Any CPU
		{DDE24CA9-213D-4CC4-B6CC-A6C727F8C427}.VYA|Any CPU.ActiveCfg = VYA|Any CPU
		{DDE24CA9-213D-4CC4-B6CC-A6C727F8C427}.VYA|Any CPU.Build.0 = VYA|Any CPU
		{DDE24CA9-213D-4CC4-B6CC-A6C727F8C427}.VYG|Any CPU.ActiveCfg = VYG|Any CPU
		{DDE24CA9-213D-4CC4-B6CC-A6C727F8C427}.VYG|Any CPU.Build.0 = VYG|Any CPU
		{DDE24CA9-213D-4CC4-B6CC-A6C727F8C427}.WFG|Any CPU.ActiveCfg = WFG|Any CPU
		{DDE24CA9-213D-4CC4-B6CC-A6C727F8C427}.WFG|Any CPU.Build.0 = WFG|Any CPU
		{DDE24CA9-213D-4CC4-B6CC-A6C727F8C427}.YDA|Any CPU.ActiveCfg = YDA|Any CPU
		{DDE24CA9-213D-4CC4-B6CC-A6C727F8C427}.YDA|Any CPU.Build.0 = YDA|Any CPU
		{DDE24CA9-213D-4CC4-B6CC-A6C727F8C427}.YND|Any CPU.ActiveCfg = YND|Any CPU
		{DDE24CA9-213D-4CC4-B6CC-A6C727F8C427}.YND|Any CPU.Build.0 = YND|Any CPU
	EndGlobalSection
	GlobalSection(SolutionProperties) = preSolution
		HideSolutionNode = FALSE
	EndGlobalSection
	GlobalSection(ExtensibilityGlobals) = postSolution
		SolutionGuid = {D4147C27-DC71-426B-AD8A-4ED63213DE03}
	EndGlobalSection
	GlobalSection(TeamFoundationVersionControl) = preSolution
		SccNumberOfProjects = 2
		SccEnterpriseProvider = {4CA58AB2-18FA-4F8D-95D4-32DDF27D184C}
		SccTeamFoundationServer = https://cloudswyftlabs.visualstudio.com/
		SccLocalPath0 = .
		SccProjectUniqueName1 = CloudSwyft.Web.Api\\CloudSwyft.Web.Api.csproj
		SccProjectName1 = CloudSwyft.Web.Api
		SccLocalPath1 = CloudSwyft.Web.Api
	EndGlobalSection
EndGlobal
