
Microsoft Visual Studio Solution File, Format Version 12.00
# Visual Studio Version 16
VisualStudioVersion = 16.0.30804.86
MinimumVisualStudioVersion = 10.0.40219.1
Project("{FAE04EC0-301F-11D3-BF4B-00C04F79EFBC}") = "CloudSwyft.CloudLabs", "CloudLabs\CloudSwyft.CloudLabs.csproj", "{C2502809-B394-441A-989B-9DA106476ADC}"
EndProject
Project("{FAE04EC0-301F-11D3-BF4B-00C04F79EFBC}") = "CloudSwyft.Auth", "CloudSwyft.Auth\CloudSwyft.Auth.csproj", "{BDA125BE-946A-4AD7-BDF2-45976D063481}"
EndProject
Global
	GlobalSection(SolutionConfigurationPlatforms) = preSolution
		ASS|Any CPU = ASS|Any CPU
		BHA|Any CPU = BHA|Any CPU
		BHD|Any CPU = BHD|Any CPU
		Debug|Any CPU = Debug|Any CPU
		DEVAUTH|Any CPU = DEVAUTH|Any CPU
		DEVUSER|Any CPU = DEVUSER|Any CPU
		DMO|Any CPU = DMO|Any CPU
		JRU|Any CPU = JRU|Any CPU
		LKA|Any CPU = LKA|Any CPU
		LKJ|Any CPU = LKJ|Any CPU
		MAP|Any CPU = MAP|Any CPU
		MFA|Any CPU = MFA|Any CPU
		MJA|Any CPU = MJA|Any CPU
		MPA|Any CPU = MPA|Any CPU
		MSA|Any CPU = MSA|Any CPU
		MSF|Any CPU = MSF|Any CPU
		MTJ|Any CPU = MTJ|Any CPU
		OPS|Any CPU = OPS|Any CPU
		P4A|Any CPU = P4A|Any CPU
		P4U|Any CPU = P4U|Any CPU
		PNX|Any CPU = PNX|Any CPU
		PRODAUTH|Any CPU = PRODAUTH|Any CPU
		PRODUSER|Any CPU = PRODUSER|Any CPU
		PTA|Any CPU = PTA|Any CPU
		PTW|Any CPU = PTW|Any CPU
		QA1|Any CPU = QA1|Any CPU
		QA-1|Any CPU = QA-1|Any CPU
		QA2|Any CPU = QA2|Any CPU
		QA3|Any CPU = QA3|Any CPU
		QAAUTH|Any CPU = QAAUTH|Any CPU
		QAUSER|Any CPU = QAUSER|Any CPU
		QT1|Any CPU = QT1|Any CPU
		QT2|Any CPU = QT2|Any CPU
		QT3|Any CPU = QT3|Any CPU
		Release|Any CPU = Release|Any CPU
		STP|Any CPU = STP|Any CPU
		TDA|Any CPU = TDA|Any CPU
		TDV|Any CPU = TDV|Any CPU
		TRN|Any CPU = TRN|Any CPU
		UATAUTH|Any CPU = UATAUTH|Any CPU
		UATUSER|Any CPU = UATUSER|Any CPU
		VYA|Any CPU = VYA|Any CPU
		VYG|Any CPU = VYG|Any CPU
		WFG|Any CPU = WFG|Any CPU
		YDA|Any CPU = YDA|Any CPU
		YND|Any CPU = YND|Any CPU
	EndGlobalSection
	GlobalSection(ProjectConfigurationPlatforms) = postSolution
		{C2502809-B394-441A-989B-9DA106476ADC}.ASS|Any CPU.ActiveCfg = Release|Any CPU
		{C2502809-B394-441A-989B-9DA106476ADC}.ASS|Any CPU.Build.0 = Release|Any CPU
		{C2502809-B394-441A-989B-9DA106476ADC}.BHA|Any CPU.ActiveCfg = Release|Any CPU
		{C2502809-B394-441A-989B-9DA106476ADC}.BHA|Any CPU.Build.0 = Release|Any CPU
		{C2502809-B394-441A-989B-9DA106476ADC}.BHD|Any CPU.ActiveCfg = Release|Any CPU
		{C2502809-B394-441A-989B-9DA106476ADC}.BHD|Any CPU.Build.0 = Release|Any CPU
		{C2502809-B394-441A-989B-9DA106476ADC}.Debug|Any CPU.ActiveCfg = Debug|Any CPU
		{C2502809-B394-441A-989B-9DA106476ADC}.Debug|Any CPU.Build.0 = Debug|Any CPU
		{C2502809-B394-441A-989B-9DA106476ADC}.DEVAUTH|Any CPU.ActiveCfg = Debug|Any CPU
		{C2502809-B394-441A-989B-9DA106476ADC}.DEVAUTH|Any CPU.Build.0 = Debug|Any CPU
		{C2502809-B394-441A-989B-9DA106476ADC}.DEVUSER|Any CPU.ActiveCfg = Debug|Any CPU
		{C2502809-B394-441A-989B-9DA106476ADC}.DEVUSER|Any CPU.Build.0 = Debug|Any CPU
		{C2502809-B394-441A-989B-9DA106476ADC}.DMO|Any CPU.ActiveCfg = Debug|Any CPU
		{C2502809-B394-441A-989B-9DA106476ADC}.DMO|Any CPU.Build.0 = Debug|Any CPU
		{C2502809-B394-441A-989B-9DA106476ADC}.JRU|Any CPU.ActiveCfg = Release|Any CPU
		{C2502809-B394-441A-989B-9DA106476ADC}.JRU|Any CPU.Build.0 = Release|Any CPU
		{C2502809-B394-441A-989B-9DA106476ADC}.LKA|Any CPU.ActiveCfg = Release|Any CPU
		{C2502809-B394-441A-989B-9DA106476ADC}.LKA|Any CPU.Build.0 = Release|Any CPU
		{C2502809-B394-441A-989B-9DA106476ADC}.LKJ|Any CPU.ActiveCfg = Release|Any CPU
		{C2502809-B394-441A-989B-9DA106476ADC}.LKJ|Any CPU.Build.0 = Release|Any CPU
		{C2502809-B394-441A-989B-9DA106476ADC}.MAP|Any CPU.ActiveCfg = Release|Any CPU
		{C2502809-B394-441A-989B-9DA106476ADC}.MAP|Any CPU.Build.0 = Release|Any CPU
		{C2502809-B394-441A-989B-9DA106476ADC}.MFA|Any CPU.ActiveCfg = Release|Any CPU
		{C2502809-B394-441A-989B-9DA106476ADC}.MFA|Any CPU.Build.0 = Release|Any CPU
		{C2502809-B394-441A-989B-9DA106476ADC}.MJA|Any CPU.ActiveCfg = Release|Any CPU
		{C2502809-B394-441A-989B-9DA106476ADC}.MJA|Any CPU.Build.0 = Release|Any CPU
		{C2502809-B394-441A-989B-9DA106476ADC}.MPA|Any CPU.ActiveCfg = Release|Any CPU
		{C2502809-B394-441A-989B-9DA106476ADC}.MPA|Any CPU.Build.0 = Release|Any CPU
		{C2502809-B394-441A-989B-9DA106476ADC}.MSA|Any CPU.ActiveCfg = Release|Any CPU
		{C2502809-B394-441A-989B-9DA106476ADC}.MSA|Any CPU.Build.0 = Release|Any CPU
		{C2502809-B394-441A-989B-9DA106476ADC}.MSF|Any CPU.ActiveCfg = Release|Any CPU
		{C2502809-B394-441A-989B-9DA106476ADC}.MSF|Any CPU.Build.0 = Release|Any CPU
		{C2502809-B394-441A-989B-9DA106476ADC}.MTJ|Any CPU.ActiveCfg = Release|Any CPU
		{C2502809-B394-441A-989B-9DA106476ADC}.MTJ|Any CPU.Build.0 = Release|Any CPU
		{C2502809-B394-441A-989B-9DA106476ADC}.OPS|Any CPU.ActiveCfg = Release|Any CPU
		{C2502809-B394-441A-989B-9DA106476ADC}.OPS|Any CPU.Build.0 = Release|Any CPU
		{C2502809-B394-441A-989B-9DA106476ADC}.P4A|Any CPU.ActiveCfg = Release|Any CPU
		{C2502809-B394-441A-989B-9DA106476ADC}.P4A|Any CPU.Build.0 = Release|Any CPU
		{C2502809-B394-441A-989B-9DA106476ADC}.P4U|Any CPU.ActiveCfg = Release|Any CPU
		{C2502809-B394-441A-989B-9DA106476ADC}.P4U|Any CPU.Build.0 = Release|Any CPU
		{C2502809-B394-441A-989B-9DA106476ADC}.PNX|Any CPU.ActiveCfg = Release|Any CPU
		{C2502809-B394-441A-989B-9DA106476ADC}.PNX|Any CPU.Build.0 = Release|Any CPU
		{C2502809-B394-441A-989B-9DA106476ADC}.PRODAUTH|Any CPU.ActiveCfg = Release|Any CPU
		{C2502809-B394-441A-989B-9DA106476ADC}.PRODAUTH|Any CPU.Build.0 = Release|Any CPU
		{C2502809-B394-441A-989B-9DA106476ADC}.PRODUSER|Any CPU.ActiveCfg = Release|Any CPU
		{C2502809-B394-441A-989B-9DA106476ADC}.PRODUSER|Any CPU.Build.0 = Release|Any CPU
		{C2502809-B394-441A-989B-9DA106476ADC}.PTA|Any CPU.ActiveCfg = Release|Any CPU
		{C2502809-B394-441A-989B-9DA106476ADC}.PTA|Any CPU.Build.0 = Release|Any CPU
		{C2502809-B394-441A-989B-9DA106476ADC}.PTW|Any CPU.ActiveCfg = Release|Any CPU
		{C2502809-B394-441A-989B-9DA106476ADC}.PTW|Any CPU.Build.0 = Release|Any CPU
		{C2502809-B394-441A-989B-9DA106476ADC}.QA1|Any CPU.ActiveCfg = Release|Any CPU
		{C2502809-B394-441A-989B-9DA106476ADC}.QA1|Any CPU.Build.0 = Release|Any CPU
		{C2502809-B394-441A-989B-9DA106476ADC}.QA-1|Any CPU.ActiveCfg = Release|Any CPU
		{C2502809-B394-441A-989B-9DA106476ADC}.QA-1|Any CPU.Build.0 = Release|Any CPU
		{C2502809-B394-441A-989B-9DA106476ADC}.QA2|Any CPU.ActiveCfg = Release|Any CPU
		{C2502809-B394-441A-989B-9DA106476ADC}.QA2|Any CPU.Build.0 = Release|Any CPU
		{C2502809-B394-441A-989B-9DA106476ADC}.QA3|Any CPU.ActiveCfg = Release|Any CPU
		{C2502809-B394-441A-989B-9DA106476ADC}.QA3|Any CPU.Build.0 = Release|Any CPU
		{C2502809-B394-441A-989B-9DA106476ADC}.QAAUTH|Any CPU.ActiveCfg = Release|Any CPU
		{C2502809-B394-441A-989B-9DA106476ADC}.QAAUTH|Any CPU.Build.0 = Release|Any CPU
		{C2502809-B394-441A-989B-9DA106476ADC}.QAUSER|Any CPU.ActiveCfg = Release|Any CPU
		{C2502809-B394-441A-989B-9DA106476ADC}.QAUSER|Any CPU.Build.0 = Release|Any CPU
		{C2502809-B394-441A-989B-9DA106476ADC}.QT1|Any CPU.ActiveCfg = Release|Any CPU
		{C2502809-B394-441A-989B-9DA106476ADC}.QT1|Any CPU.Build.0 = Release|Any CPU
		{C2502809-B394-441A-989B-9DA106476ADC}.QT2|Any CPU.ActiveCfg = Release|Any CPU
		{C2502809-B394-441A-989B-9DA106476ADC}.QT2|Any CPU.Build.0 = Release|Any CPU
		{C2502809-B394-441A-989B-9DA106476ADC}.QT3|Any CPU.ActiveCfg = Release|Any CPU
		{C2502809-B394-441A-989B-9DA106476ADC}.QT3|Any CPU.Build.0 = Release|Any CPU
		{C2502809-B394-441A-989B-9DA106476ADC}.Release|Any CPU.ActiveCfg = Release|Any CPU
		{C2502809-B394-441A-989B-9DA106476ADC}.Release|Any CPU.Build.0 = Release|Any CPU
		{C2502809-B394-441A-989B-9DA106476ADC}.STP|Any CPU.ActiveCfg = Release|Any CPU
		{C2502809-B394-441A-989B-9DA106476ADC}.STP|Any CPU.Build.0 = Release|Any CPU
		{C2502809-B394-441A-989B-9DA106476ADC}.TDA|Any CPU.ActiveCfg = Release|Any CPU
		{C2502809-B394-441A-989B-9DA106476ADC}.TDA|Any CPU.Build.0 = Release|Any CPU
		{C2502809-B394-441A-989B-9DA106476ADC}.TDV|Any CPU.ActiveCfg = Release|Any CPU
		{C2502809-B394-441A-989B-9DA106476ADC}.TDV|Any CPU.Build.0 = Release|Any CPU
		{C2502809-B394-441A-989B-9DA106476ADC}.TRN|Any CPU.ActiveCfg = Release|Any CPU
		{C2502809-B394-441A-989B-9DA106476ADC}.TRN|Any CPU.Build.0 = Release|Any CPU
		{C2502809-B394-441A-989B-9DA106476ADC}.UATAUTH|Any CPU.ActiveCfg = Release|Any CPU
		{C2502809-B394-441A-989B-9DA106476ADC}.UATAUTH|Any CPU.Build.0 = Release|Any CPU
		{C2502809-B394-441A-989B-9DA106476ADC}.UATUSER|Any CPU.ActiveCfg = Release|Any CPU
		{C2502809-B394-441A-989B-9DA106476ADC}.UATUSER|Any CPU.Build.0 = Release|Any CPU
		{C2502809-B394-441A-989B-9DA106476ADC}.VYA|Any CPU.ActiveCfg = Release|Any CPU
		{C2502809-B394-441A-989B-9DA106476ADC}.VYA|Any CPU.Build.0 = Release|Any CPU
		{C2502809-B394-441A-989B-9DA106476ADC}.VYG|Any CPU.ActiveCfg = Release|Any CPU
		{C2502809-B394-441A-989B-9DA106476ADC}.VYG|Any CPU.Build.0 = Release|Any CPU
		{C2502809-B394-441A-989B-9DA106476ADC}.WFG|Any CPU.ActiveCfg = Release|Any CPU
		{C2502809-B394-441A-989B-9DA106476ADC}.WFG|Any CPU.Build.0 = Release|Any CPU
		{C2502809-B394-441A-989B-9DA106476ADC}.YDA|Any CPU.ActiveCfg = Release|Any CPU
		{C2502809-B394-441A-989B-9DA106476ADC}.YDA|Any CPU.Build.0 = Release|Any CPU
		{C2502809-B394-441A-989B-9DA106476ADC}.YND|Any CPU.ActiveCfg = Release|Any CPU
		{C2502809-B394-441A-989B-9DA106476ADC}.YND|Any CPU.Build.0 = Release|Any CPU
		{BDA125BE-946A-4AD7-BDF2-45976D063481}.ASS|Any CPU.ActiveCfg = Release|Any CPU
		{BDA125BE-946A-4AD7-BDF2-45976D063481}.ASS|Any CPU.Build.0 = Release|Any CPU
		{BDA125BE-946A-4AD7-BDF2-45976D063481}.BHA|Any CPU.ActiveCfg = Release|Any CPU
		{BDA125BE-946A-4AD7-BDF2-45976D063481}.BHA|Any CPU.Build.0 = Release|Any CPU
		{BDA125BE-946A-4AD7-BDF2-45976D063481}.BHD|Any CPU.ActiveCfg = Release|Any CPU
		{BDA125BE-946A-4AD7-BDF2-45976D063481}.BHD|Any CPU.Build.0 = Release|Any CPU
		{BDA125BE-946A-4AD7-BDF2-45976D063481}.Debug|Any CPU.ActiveCfg = Debug|Any CPU
		{BDA125BE-946A-4AD7-BDF2-45976D063481}.Debug|Any CPU.Build.0 = Debug|Any CPU
		{BDA125BE-946A-4AD7-BDF2-45976D063481}.DEVAUTH|Any CPU.ActiveCfg = Debug|Any CPU
		{BDA125BE-946A-4AD7-BDF2-45976D063481}.DEVAUTH|Any CPU.Build.0 = Debug|Any CPU
		{BDA125BE-946A-4AD7-BDF2-45976D063481}.DEVUSER|Any CPU.ActiveCfg = Debug|Any CPU
		{BDA125BE-946A-4AD7-BDF2-45976D063481}.DEVUSER|Any CPU.Build.0 = Debug|Any CPU
		{BDA125BE-946A-4AD7-BDF2-45976D063481}.DMO|Any CPU.ActiveCfg = Debug|Any CPU
		{BDA125BE-946A-4AD7-BDF2-45976D063481}.DMO|Any CPU.Build.0 = Debug|Any CPU
		{BDA125BE-946A-4AD7-BDF2-45976D063481}.JRU|Any CPU.ActiveCfg = Release|Any CPU
		{BDA125BE-946A-4AD7-BDF2-45976D063481}.JRU|Any CPU.Build.0 = Release|Any CPU
		{BDA125BE-946A-4AD7-BDF2-45976D063481}.LKA|Any CPU.ActiveCfg = Release|Any CPU
		{BDA125BE-946A-4AD7-BDF2-45976D063481}.LKA|Any CPU.Build.0 = Release|Any CPU
		{BDA125BE-946A-4AD7-BDF2-45976D063481}.LKJ|Any CPU.ActiveCfg = Release|Any CPU
		{BDA125BE-946A-4AD7-BDF2-45976D063481}.LKJ|Any CPU.Build.0 = Release|Any CPU
		{BDA125BE-946A-4AD7-BDF2-45976D063481}.MAP|Any CPU.ActiveCfg = Release|Any CPU
		{BDA125BE-946A-4AD7-BDF2-45976D063481}.MAP|Any CPU.Build.0 = Release|Any CPU
		{BDA125BE-946A-4AD7-BDF2-45976D063481}.MFA|Any CPU.ActiveCfg = Release|Any CPU
		{BDA125BE-946A-4AD7-BDF2-45976D063481}.MFA|Any CPU.Build.0 = Release|Any CPU
		{BDA125BE-946A-4AD7-BDF2-45976D063481}.MJA|Any CPU.ActiveCfg = Release|Any CPU
		{BDA125BE-946A-4AD7-BDF2-45976D063481}.MJA|Any CPU.Build.0 = Release|Any CPU
		{BDA125BE-946A-4AD7-BDF2-45976D063481}.MPA|Any CPU.ActiveCfg = Release|Any CPU
		{BDA125BE-946A-4AD7-BDF2-45976D063481}.MPA|Any CPU.Build.0 = Release|Any CPU
		{BDA125BE-946A-4AD7-BDF2-45976D063481}.MSA|Any CPU.ActiveCfg = Release|Any CPU
		{BDA125BE-946A-4AD7-BDF2-45976D063481}.MSA|Any CPU.Build.0 = Release|Any CPU
		{BDA125BE-946A-4AD7-BDF2-45976D063481}.MSF|Any CPU.ActiveCfg = Release|Any CPU
		{BDA125BE-946A-4AD7-BDF2-45976D063481}.MSF|Any CPU.Build.0 = Release|Any CPU
		{BDA125BE-946A-4AD7-BDF2-45976D063481}.MTJ|Any CPU.ActiveCfg = Release|Any CPU
		{BDA125BE-946A-4AD7-BDF2-45976D063481}.MTJ|Any CPU.Build.0 = Release|Any CPU
		{BDA125BE-946A-4AD7-BDF2-45976D063481}.OPS|Any CPU.ActiveCfg = Release|Any CPU
		{BDA125BE-946A-4AD7-BDF2-45976D063481}.OPS|Any CPU.Build.0 = Release|Any CPU
		{BDA125BE-946A-4AD7-BDF2-45976D063481}.P4A|Any CPU.ActiveCfg = Release|Any CPU
		{BDA125BE-946A-4AD7-BDF2-45976D063481}.P4A|Any CPU.Build.0 = Release|Any CPU
		{BDA125BE-946A-4AD7-BDF2-45976D063481}.P4U|Any CPU.ActiveCfg = Release|Any CPU
		{BDA125BE-946A-4AD7-BDF2-45976D063481}.P4U|Any CPU.Build.0 = Release|Any CPU
		{BDA125BE-946A-4AD7-BDF2-45976D063481}.PNX|Any CPU.ActiveCfg = Release|Any CPU
		{BDA125BE-946A-4AD7-BDF2-45976D063481}.PNX|Any CPU.Build.0 = Release|Any CPU
		{BDA125BE-946A-4AD7-BDF2-45976D063481}.PRODAUTH|Any CPU.ActiveCfg = Release|Any CPU
		{BDA125BE-946A-4AD7-BDF2-45976D063481}.PRODAUTH|Any CPU.Build.0 = Release|Any CPU
		{BDA125BE-946A-4AD7-BDF2-45976D063481}.PRODUSER|Any CPU.ActiveCfg = Release|Any CPU
		{BDA125BE-946A-4AD7-BDF2-45976D063481}.PRODUSER|Any CPU.Build.0 = Release|Any CPU
		{BDA125BE-946A-4AD7-BDF2-45976D063481}.PTA|Any CPU.ActiveCfg = Release|Any CPU
		{BDA125BE-946A-4AD7-BDF2-45976D063481}.PTA|Any CPU.Build.0 = Release|Any CPU
		{BDA125BE-946A-4AD7-BDF2-45976D063481}.PTW|Any CPU.ActiveCfg = Release|Any CPU
		{BDA125BE-946A-4AD7-BDF2-45976D063481}.PTW|Any CPU.Build.0 = Release|Any CPU
		{BDA125BE-946A-4AD7-BDF2-45976D063481}.QA1|Any CPU.ActiveCfg = Release|Any CPU
		{BDA125BE-946A-4AD7-BDF2-45976D063481}.QA1|Any CPU.Build.0 = Release|Any CPU
		{BDA125BE-946A-4AD7-BDF2-45976D063481}.QA-1|Any CPU.ActiveCfg = Release|Any CPU
		{BDA125BE-946A-4AD7-BDF2-45976D063481}.QA-1|Any CPU.Build.0 = Release|Any CPU
		{BDA125BE-946A-4AD7-BDF2-45976D063481}.QA2|Any CPU.ActiveCfg = Release|Any CPU
		{BDA125BE-946A-4AD7-BDF2-45976D063481}.QA2|Any CPU.Build.0 = Release|Any CPU
		{BDA125BE-946A-4AD7-BDF2-45976D063481}.QA3|Any CPU.ActiveCfg = Release|Any CPU
		{BDA125BE-946A-4AD7-BDF2-45976D063481}.QA3|Any CPU.Build.0 = Release|Any CPU
		{BDA125BE-946A-4AD7-BDF2-45976D063481}.QAAUTH|Any CPU.ActiveCfg = Release|Any CPU
		{BDA125BE-946A-4AD7-BDF2-45976D063481}.QAAUTH|Any CPU.Build.0 = Release|Any CPU
		{BDA125BE-946A-4AD7-BDF2-45976D063481}.QAUSER|Any CPU.ActiveCfg = Release|Any CPU
		{BDA125BE-946A-4AD7-BDF2-45976D063481}.QAUSER|Any CPU.Build.0 = Release|Any CPU
		{BDA125BE-946A-4AD7-BDF2-45976D063481}.QT1|Any CPU.ActiveCfg = Release|Any CPU
		{BDA125BE-946A-4AD7-BDF2-45976D063481}.QT1|Any CPU.Build.0 = Release|Any CPU
		{BDA125BE-946A-4AD7-BDF2-45976D063481}.QT2|Any CPU.ActiveCfg = Release|Any CPU
		{BDA125BE-946A-4AD7-BDF2-45976D063481}.QT2|Any CPU.Build.0 = Release|Any CPU
		{BDA125BE-946A-4AD7-BDF2-45976D063481}.QT3|Any CPU.ActiveCfg = Release|Any CPU
		{BDA125BE-946A-4AD7-BDF2-45976D063481}.QT3|Any CPU.Build.0 = Release|Any CPU
		{BDA125BE-946A-4AD7-BDF2-45976D063481}.Release|Any CPU.ActiveCfg = Release|Any CPU
		{BDA125BE-946A-4AD7-BDF2-45976D063481}.Release|Any CPU.Build.0 = Release|Any CPU
		{BDA125BE-946A-4AD7-BDF2-45976D063481}.STP|Any CPU.ActiveCfg = Release|Any CPU
		{BDA125BE-946A-4AD7-BDF2-45976D063481}.STP|Any CPU.Build.0 = Release|Any CPU
		{BDA125BE-946A-4AD7-BDF2-45976D063481}.TDA|Any CPU.ActiveCfg = Release|Any CPU
		{BDA125BE-946A-4AD7-BDF2-45976D063481}.TDA|Any CPU.Build.0 = Release|Any CPU
		{BDA125BE-946A-4AD7-BDF2-45976D063481}.TDV|Any CPU.ActiveCfg = Release|Any CPU
		{BDA125BE-946A-4AD7-BDF2-45976D063481}.TDV|Any CPU.Build.0 = Release|Any CPU
		{BDA125BE-946A-4AD7-BDF2-45976D063481}.TRN|Any CPU.ActiveCfg = Release|Any CPU
		{BDA125BE-946A-4AD7-BDF2-45976D063481}.TRN|Any CPU.Build.0 = Release|Any CPU
		{BDA125BE-946A-4AD7-BDF2-45976D063481}.UATAUTH|Any CPU.ActiveCfg = Release|Any CPU
		{BDA125BE-946A-4AD7-BDF2-45976D063481}.UATAUTH|Any CPU.Build.0 = Release|Any CPU
		{BDA125BE-946A-4AD7-BDF2-45976D063481}.UATUSER|Any CPU.ActiveCfg = Release|Any CPU
		{BDA125BE-946A-4AD7-BDF2-45976D063481}.UATUSER|Any CPU.Build.0 = Release|Any CPU
		{BDA125BE-946A-4AD7-BDF2-45976D063481}.VYA|Any CPU.ActiveCfg = Release|Any CPU
		{BDA125BE-946A-4AD7-BDF2-45976D063481}.VYA|Any CPU.Build.0 = Release|Any CPU
		{BDA125BE-946A-4AD7-BDF2-45976D063481}.VYG|Any CPU.ActiveCfg = Release|Any CPU
		{BDA125BE-946A-4AD7-BDF2-45976D063481}.VYG|Any CPU.Build.0 = Release|Any CPU
		{BDA125BE-946A-4AD7-BDF2-45976D063481}.WFG|Any CPU.ActiveCfg = Release|Any CPU
		{BDA125BE-946A-4AD7-BDF2-45976D063481}.WFG|Any CPU.Build.0 = Release|Any CPU
		{BDA125BE-946A-4AD7-BDF2-45976D063481}.YDA|Any CPU.ActiveCfg = Release|Any CPU
		{BDA125BE-946A-4AD7-BDF2-45976D063481}.YDA|Any CPU.Build.0 = Release|Any CPU
		{BDA125BE-946A-4AD7-BDF2-45976D063481}.YND|Any CPU.ActiveCfg = Release|Any CPU
		{BDA125BE-946A-4AD7-BDF2-45976D063481}.YND|Any CPU.Build.0 = Release|Any CPU
	EndGlobalSection
	GlobalSection(SolutionProperties) = preSolution
		HideSolutionNode = FALSE
	EndGlobalSection
	GlobalSection(ExtensibilityGlobals) = postSolution
		SolutionGuid = {AD705D87-A551-412E-A8F2-957FE7D2E720}
	EndGlobalSection
EndGlobal
